<?xml version="1.0" encoding="utf-8"?>
<Project ToolsVersion="4.0" xmlns="http://schemas.microsoft.com/developer/msbuild/2003">
  <ItemGroup>
    <Filter Include="Test">
      <UniqueIdentifier>{b8cc2f21-23d6-4a9a-b114-7e9c199c7b1d}</UniqueIdentifier>
    </Filter>
    <Filter Include="Test\1. VS">
      <UniqueIdentifier>{fb2e5a01-85cf-440f-b5f3-8e83406c91a1}</UniqueIdentifier>
    </Filter>
    <Filter Include="Test\2. PS">
      <UniqueIdentifier>{1b514cdd-e192-4f35-bcbc-0c7566e72402}</UniqueIdentifier>
    </Filter>
    <Filter Include="Sprite">
      <UniqueIdentifier>{91066654-8c36-46c0-8ee0-cb50d2c243bc}</UniqueIdentifier>
    </Filter>
    <Filter Include="Sprite\0. Common">
      <UniqueIdentifier>{957555bb-a150-4aaa-87d2-baed21d3caf0}</UniqueIdentifier>
    </Filter>
    <Filter Include="Sprite\1. VS">
      <UniqueIdentifier>{456d03b3-5da8-4481-bb5b-4422ef9bf39b}</UniqueIdentifier>
    </Filter>
    <Filter Include="Sprite\2. PS">
      <UniqueIdentifier>{8ab1636c-771a-4d27-8ef5-ffe58af7d4ef}</UniqueIdentifier>
    </Filter>
  </ItemGroup>
  <ItemGroup>
    <FxCompile Include="$(MSBuildThisFileDirectory)TrianglePS.hlsl">
      <Filter>Test\2. PS</Filter>
    </FxCompile>
    <FxCompile Include="$(MSBuildThisFileDirectory)TriangleVS.hlsl">
      <Filter>Test\1. VS</Filter>
    </FxCompile>
    <FxCompile Include="$(MSBuildThisFileDirectory)SpritePS.hlsl">
      <Filter>Sprite\2. PS</Filter>
    </FxCompile>
    <FxCompile Include="$(MSBuildThisFileDirectory)GridPS.hlsl">
      <Filter>Sprite\2. PS</Filter>
    </FxCompile>
    <FxCompile Include="$(MSBuildThisFileDirectory)SpriteVS.hlsl">
      <Filter>Sprite\1. VS</Filter>
    </FxCompile>
    <FxCompile Include="$(MSBuildThisFileDirectory)GridVS.hlsl">
      <Filter>Sprite\1. VS</Filter>
    </FxCompile>
    <FxCompile Include="$(MSBuildThisFileDirectory)DebugPS.hlsl">
      <Filter>Sprite\2. PS</Filter>
    </FxCompile>
    <FxCompile Include="$(MSBuildThisFileDirectory)DebugVS.hlsl">
      <Filter>Sprite\1. VS</Filter>
    </FxCompile>
    <FxCompile Include="$(MSBuildThisFileDirectory)SpriteAnimationVS.hlsl">
      <Filter>Sprite\1. VS</Filter>
    </FxCompile>
    <FxCompile Include="$(MSBuildThisFileDirectory)SpriteAnimationPS.hlsl">
      <Filter>Sprite\2. PS</Filter>
    </FxCompile>
    <FxCompile Include="$(MSBuildThisFileDirectory)..\..\..\this game%28thisthis%29\DX_Lunatic\Shader_SOURCE\ProgressPS.hlsl">
      <Filter>Sprite\2. PS</Filter>
    </FxCompile>
    <FxCompile Include="$(MSBuildThisFileDirectory)spProgressPS.hlsl">
      <Filter>Sprite\2. PS</Filter>
    </FxCompile>
    <FxCompile Include="$(MSBuildThisFileDirectory)..\..\..\this game%28thisthis%29\DX_Lunatic\Shader_SOURCE\ProgressVS.hlsl">
      <Filter>Sprite\1. VS</Filter>
    </FxCompile>
    <FxCompile Include="$(MSBuildThisFileDirectory)spProgressVS.hlsl">
      <Filter>Sprite\1. VS</Filter>
    </FxCompile>
  </ItemGroup>
  <ItemGroup>
    <None Include="$(MSBuildThisFileDirectory)globals.hlsli">
      <Filter>Sprite\0. Common</Filter>
    </None>
  </ItemGroup>
</Project>